# THIS IS AN AUTOGENERATED FILE. DO NOT EDIT THIS FILE DIRECTLY.
# yarn lockfile v1


"@turbo/darwin-64@2.8.21-canary.9":
  version "2.8.21-canary.9"
  resolved "https://registry.yarnpkg.com/@turbo/darwin-64/-/darwin-64-2.8.21-canary.9.tgz#f8eab12a99d1a2f70adce279e0272b1367b04542"
  integrity sha512-rtrBzzTbYE9MpUCzuFzMg0oNFXNnFaZvUGesBJwx9a/vOKJVUERl3eR1atrYj2pkt6lRokRufNHhoRDyZnfXeQ==

"@turbo/darwin-arm64@2.8.21-canary.9":
  version "2.8.21-canary.9"
  resolved "https://registry.yarnpkg.com/@turbo/darwin-arm64/-/darwin-arm64-2.8.21-canary.9.tgz#d3975004ee10fa0551062f958f2e811d1e73b778"
  integrity sha512-m8SKxhmZc2InFbEGfVDqT2ksBIsNqkUom55IuSXvawM95YTVaXTTDP2tsxrmqbeTDCn8jIuBweRsbO+0QXMdYw==

"@turbo/linux-64@2.8.21-canary.9":
  version "2.8.21-canary.9"
  resolved "https://registry.yarnpkg.com/@turbo/linux-64/-/linux-64-2.8.21-canary.9.tgz#8c027e08f6c03d3006b6501eecd24877853eca74"
  integrity sha512-BLYTUFje4pSiJQqJZKZldyiEbhs8X0Reu9Ujw8GfHgv/nDx+T8jywBc/0nHYzFhakEIc8NlcY5VK9zVqLQUS2A==

"@turbo/linux-arm64@2.8.21-canary.9":
  version "2.8.21-canary.9"
  resolved "https://registry.yarnpkg.com/@turbo/linux-arm64/-/linux-arm64-2.8.21-canary.9.tgz#1b8d3c8ae754406f982ea75b4d5eb0376e7b7e0b"
  integrity sha512-kb9lZeG0Sjtj6P25iKfvhdC+19oUoYnp9tvq45iv8p89zYL9D3Ln8JwaJKCj5S5SvnMKMZStJilhtGFcxTtWWA==

"@turbo/windows-64@2.8.21-canary.9":
  version "2.8.21-canary.9"
  resolved "https://registry.yarnpkg.com/@turbo/windows-64/-/windows-64-2.8.21-canary.9.tgz#b84a45cfaadd902ecbd361e56c760fc2b56df61e"
  integrity sha512-vV/oENgbrNuLUxBy7t4ciUFyJT9an/xffIHV0DnvU5DpJF7tS8o+WPhCvmCrOm31UMLOCk4i8q87TU37XfJElQ==

"@turbo/windows-arm64@2.8.21-canary.9":
  version "2.8.21-canary.9"
  resolved "https://registry.yarnpkg.com/@turbo/windows-arm64/-/windows-arm64-2.8.21-canary.9.tgz#1cc58217fc42aa0aafac469ad54a418168340e4c"
  integrity sha512-bdA6c6zTNICRx9iY/vi9ysAtYwbSL3E+4yBsm+v6Yj4pEdfqMF53yPfgr5WhMu9vi1HflXc4CduWa5QEWrE5aw==

turbo@^2.8.21-canary.9:
  version "2.8.21-canary.9"
  resolved "https://registry.yarnpkg.com/turbo/-/turbo-2.8.21-canary.9.tgz#596779c6a4e3c023ae965f26cf79fabd4d55287d"
  integrity sha512-9CT+jNgzMk9ujuctwLHKbbJlQYyHkcbKiA8SvbvBDTzBLtbyf/xuYb2PYSX8iw6NiDN/7qYtONLoEIRm40+7Hg==
  optionalDependencies:
    "@turbo/darwin-64" "2.8.21-canary.9"
    "@turbo/darwin-arm64" "2.8.21-canary.9"
    "@turbo/linux-64" "2.8.21-canary.9"
    "@turbo/linux-arm64" "2.8.21-canary.9"
    "@turbo/windows-64" "2.8.21-canary.9"
    "@turbo/windows-arm64" "2.8.21-canary.9"
